// !$*UTF8*$!
{
	archiveVersion = 1;
	classes = {
	};
	objectVersion = 56;
	objects = {

/* Begin PBXBuildFile section */
		AF22CB1329958A04002AE566 /* TextInput.swift in Sources */ = {isa = PBXBuildFile; fileRef = AF22CB1229958A04002AE566 /* TextInput.swift */; };
		AF22CB182996AE52002AE566 /* Icon.swift in Sources */ = {isa = PBXBuildFile; fileRef = AF22CB172996AE52002AE566 /* Icon.swift */; };
		AF22CB1A2996AE62002AE566 /* SelectionGroup.swift in Sources */ = {isa = PBXBuildFile; fileRef = AF22CB192996AE62002AE566 /* SelectionGroup.swift */; };
		AF22CB1C2996AE99002AE566 /* CircularButton.swift in Sources */ = {isa = PBXBuildFile; fileRef = AF22CB1B2996AE99002AE566 /* CircularButton.swift */; };
		AF22CB1F2996E2E6002AE566 /* FormatDate.swift in Sources */ = {isa = PBXBuildFile; fileRef = AF22CB1E2996E2E6002AE566 /* FormatDate.swift */; };
		AFA255AB29943302007349F1 /* To_Do_AppApp.swift in Sources */ = {isa = PBXBuildFile; fileRef = AFA255AA29943302007349F1 /* To_Do_AppApp.swift */; };
		AFA255AD29943302007349F1 /* ContentView.swift in Sources */ = {isa = PBXBuildFile; fileRef = AFA255AC29943302007349F1 /* ContentView.swift */; };
		AFA255AF29943304007349F1 /* Assets.xcassets in Resources */ = {isa = PBXBuildFile; fileRef = AFA255AE29943304007349F1 /* Assets.xcassets */; };
		AFA255B229943304007349F1 /* Preview Assets.xcassets in Resources */ = {isa = PBXBuildFile; fileRef = AFA255B129943304007349F1 /* Preview Assets.xcassets */; };
		AFA255BC29943304007349F1 /* To_Do_AppTests.swift in Sources */ = {isa = PBXBuildFile; fileRef = AFA255BB29943304007349F1 /* To_Do_AppTests.swift */; };
		AFA255C629943304007349F1 /* To_Do_AppUITests.swift in Sources */ = {isa = PBXBuildFile; fileRef = AFA255C529943304007349F1 /* To_Do_AppUITests.swift */; };
		AFA255C829943304007349F1 /* To_Do_AppUITestsLaunchTests.swift in Sources */ = {isa = PBXBuildFile; fileRef = AFA255C729943304007349F1 /* To_Do_AppUITestsLaunchTests.swift */; };
		AFA255D629943571007349F1 /* NimbusLayoutSwiftUI in Frameworks */ = {isa = PBXBuildFile; productRef = AFA255D529943571007349F1 /* NimbusLayoutSwiftUI */; };
/* End PBXBuildFile section */

/* Begin PBXContainerItemProxy section */
		AFA255B829943304007349F1 /* PBXContainerItemProxy */ = {
			isa = PBXContainerItemProxy;
			containerPortal = AFA2559F29943302007349F1 /* Project object */;
			proxyType = 1;
			remoteGlobalIDString = AFA255A629943302007349F1;
			remoteInfo = "To Do App";
		};
		AFA255C229943304007349F1 /* PBXContainerItemProxy */ = {
			isa = PBXContainerItemProxy;
			containerPortal = AFA2559F29943302007349F1 /* Project object */;
			proxyType = 1;
			remoteGlobalIDString = AFA255A629943302007349F1;
			remoteInfo = "To Do App";
		};
/* End PBXContainerItemProxy section */

/* Begin PBXFileReference section */
		AF22CB1229958A04002AE566 /* TextInput.swift */ = {isa = PBXFileReference; lastKnownFileType = sourcecode.swift; path = TextInput.swift; sourceTree = "<group>"; };
		AF22CB172996AE52002AE566 /* Icon.swift */ = {isa = PBXFileReference; lastKnownFileType = sourcecode.swift; path = Icon.swift; sourceTree = "<group>"; };
		AF22CB192996AE62002AE566 /* SelectionGroup.swift */ = {isa = PBXFileReference; lastKnownFileType = sourcecode.swift; path = SelectionGroup.swift; sourceTree = "<group>"; };
		AF22CB1B2996AE99002AE566 /* CircularButton.swift */ = {isa = PBXFileReference; lastKnownFileType = sourcecode.swift; path = CircularButton.swift; sourceTree = "<group>"; };
		AF22CB1E2996E2E6002AE566 /* FormatDate.swift */ = {isa = PBXFileReference; lastKnownFileType = sourcecode.swift; path = FormatDate.swift; sourceTree = "<group>"; };
		AFA255A729943302007349F1 /* To Do App.app */ = {isa = PBXFileReference; explicitFileType = wrapper.application; includeInIndex = 0; path = "To Do App.app"; sourceTree = BUILT_PRODUCTS_DIR; };
		AFA255AA29943302007349F1 /* To_Do_AppApp.swift */ = {isa = PBXFileReference; lastKnownFileType = sourcecode.swift; path = To_Do_AppApp.swift; sourceTree = "<group>"; };
		AFA255AC29943302007349F1 /* ContentView.swift */ = {isa = PBXFileReference; lastKnownFileType = sourcecode.swift; path = ContentView.swift; sourceTree = "<group>"; };
		AFA255AE29943304007349F1 /* Assets.xcassets */ = {isa = PBXFileReference; lastKnownFileType = folder.assetcatalog; path = Assets.xcassets; sourceTree = "<group>"; };
		AFA255B129943304007349F1 /* Preview Assets.xcassets */ = {isa = PBXFileReference; lastKnownFileType = folder.assetcatalog; path = "Preview Assets.xcassets"; sourceTree = "<group>"; };
		AFA255B729943304007349F1 /* To Do AppTests.xctest */ = {isa = PBXFileReference; explicitFileType = wrapper.cfbundle; includeInIndex = 0; path = "To Do AppTests.xctest"; sourceTree = BUILT_PRODUCTS_DIR; };
		AFA255BB29943304007349F1 /* To_Do_AppTests.swift */ = {isa = PBXFileReference; lastKnownFileType = sourcecode.swift; path = To_Do_AppTests.swift; sourceTree = "<group>"; };
		AFA255C129943304007349F1 /* To Do AppUITests.xctest */ = {isa = PBXFileReference; explicitFileType = wrapper.cfbundle; includeInIndex = 0; path = "To Do AppUITests.xctest"; sourceTree = BUILT_PRODUCTS_DIR; };
		AFA255C529943304007349F1 /* To_Do_AppUITests.swift */ = {isa = PBXFileReference; lastKnownFileType = sourcecode.swift; path = To_Do_AppUITests.swift; sourceTree = "<group>"; };
		AFA255C729943304007349F1 /* To_Do_AppUITestsLaunchTests.swift */ = {isa = PBXFileReference; lastKnownFileType = sourcecode.swift; path = To_Do_AppUITestsLaunchTests.swift; sourceTree = "<group>"; };
/* End PBXFileReference section */

/* Begin PBXFrameworksBuildPhase section */
		AFA255A429943302007349F1 /* Frameworks */ = {
			isa = PBXFrameworksBuildPhase;
			buildActionMask = 2147483647;
			files = (
				AFA255D629943571007349F1 /* NimbusLayoutSwiftUI in Frameworks */,
			);
			runOnlyForDeploymentPostprocessing = 0;
		};
		AFA255B429943304007349F1 /* Frameworks */ = {
			isa = PBXFrameworksBuildPhase;
			buildActionMask = 2147483647;
			files = (
			);
			runOnlyForDeploymentPostprocessing = 0;
		};
		AFA255BE29943304007349F1 /* Frameworks */ = {
			isa = PBXFrameworksBuildPhase;
			buildActionMask = 2147483647;
			files = (
			);
			runOnlyForDeploymentPostprocessing = 0;
		};
/* End PBXFrameworksBuildPhase section */

/* Begin PBXGroup section */
		AF22CB162996AE04002AE566 /* Components */ = {
			isa = PBXGroup;
			children = (
				AF22CB1229958A04002AE566 /* TextInput.swift */,
				AF22CB172996AE52002AE566 /* Icon.swift */,
				AF22CB192996AE62002AE566 /* SelectionGroup.swift */,
				AF22CB1B2996AE99002AE566 /* CircularButton.swift */,
			);
			path = Components;
			sourceTree = "<group>";
		};
		AF22CB1D2996E2CE002AE566 /* Operations */ = {
			isa = PBXGroup;
			children = (
				AF22CB1E2996E2E6002AE566 /* FormatDate.swift */,
			);
			path = Operations;
			sourceTree = "<group>";
		};
		AFA2559E29943302007349F1 = {
			isa = PBXGroup;
			children = (
				AFA255A929943302007349F1 /* To Do App */,
				AFA255BA29943304007349F1 /* To Do AppTests */,
				AFA255C429943304007349F1 /* To Do AppUITests */,
				AFA255A829943302007349F1 /* Products */,
			);
			sourceTree = "<group>";
		};
		AFA255A829943302007349F1 /* Products */ = {
			isa = PBXGroup;
			children = (
				AFA255A729943302007349F1 /* To Do App.app */,
				AFA255B729943304007349F1 /* To Do AppTests.xctest */,
				AFA255C129943304007349F1 /* To Do AppUITests.xctest */,
			);
			name = Products;
			sourceTree = "<group>";
		};
		AFA255A929943302007349F1 /* To Do App */ = {
			isa = PBXGroup;
			children = (
				AF22CB1D2996E2CE002AE566 /* Operations */,
				AF22CB162996AE04002AE566 /* Components */,
				AFA255AA29943302007349F1 /* To_Do_AppApp.swift */,
				AFA255AC29943302007349F1 /* ContentView.swift */,
				AFA255AE29943304007349F1 /* Assets.xcassets */,
				AFA255B029943304007349F1 /* Preview Content */,
			);
			path = "To Do App";
			sourceTree = "<group>";
		};
		AFA255B029943304007349F1 /* Preview Content */ = {
			isa = PBXGroup;
			children = (
				AFA255B129943304007349F1 /* Preview Assets.xcassets */,
			);
			path = "Preview Content";
			sourceTree = "<group>";
		};
		AFA255BA29943304007349F1 /* To Do AppTests */ = {
			isa = PBXGroup;
			children = (
				AFA255BB29943304007349F1 /* To_Do_AppTests.swift */,
			);
			path = "To Do AppTests";
			sourceTree = "<group>";
		};
		AFA255C429943304007349F1 /* To Do AppUITests */ = {
			isa = PBXGroup;
			children = (
				AFA255C529943304007349F1 /* To_Do_AppUITests.swift */,
				AFA255C729943304007349F1 /* To_Do_AppUITestsLaunchTests.swift */,
			);
			path = "To Do AppUITests";
			sourceTree = "<group>";
		};
/* End PBXGroup section */

/* Begin PBXNativeTarget section */
		AFA255A629943302007349F1 /* To Do App */ = {
			isa = PBXNativeTarget;
			buildConfigurationList = AFA255CB29943304007349F1 /* Build configuration list for PBXNativeTarget "To Do App" */;
			buildPhases = (
				AFA255A329943302007349F1 /* Sources */,
				AFA255A429943302007349F1 /* Frameworks */,
				AFA255A529943302007349F1 /* Resources */,
			);
			buildRules = (
			);
			dependencies = (
			);
			name = "To Do App";
			packageProductDependencies = (
				AFA255D529943571007349F1 /* NimbusLayoutSwiftUI */,
			);
			productName = "To Do App";
			productReference = AFA255A729943302007349F1 /* To Do App.app */;
			productType = "com.apple.product-type.application";
		};
		AFA255B629943304007349F1 /* To Do AppTests */ = {
			isa = PBXNativeTarget;
			buildConfigurationList = AFA255CE29943304007349F1 /* Build configuration list for PBXNativeTarget "To Do AppTests" */;
			buildPhases = (
				AFA255B329943304007349F1 /* Sources */,
				AFA255B429943304007349F1 /* Frameworks */,
				AFA255B529943304007349F1 /* Resources */,
			);
			buildRules = (
			);
			dependencies = (
				AFA255B929943304007349F1 /* PBXTargetDependency */,
			);
			name = "To Do AppTests";
			productName = "To Do AppTests";
			productReference = AFA255B729943304007349F1 /* To Do AppTests.xctest */;
			productType = "com.apple.product-type.bundle.unit-test";
		};
		AFA255C029943304007349F1 /* To Do AppUITests */ = {
			isa = PBXNativeTarget;
			buildConfigurationList = AFA255D129943304007349F1 /* Build configuration list for PBXNativeTarget "To Do AppUITests" */;
			buildPhases = (
				AFA255BD29943304007349F1 /* Sources */,
				AFA255BE29943304007349F1 /* Frameworks */,
				AFA255BF29943304007349F1 /* Resources */,
			);
			buildRules = (
			);
			dependencies = (
				AFA255C329943304007349F1 /* PBXTargetDependency */,
			);
			name = "To Do AppUITests";
			productName = "To Do AppUITests";
			productReference = AFA255C129943304007349F1 /* To Do AppUITests.xctest */;
			productType = "com.apple.product-type.bundle.ui-testing";
		};
/* End PBXNativeTarget section */

/* Begin PBXProject section */
		AFA2559F29943302007349F1 /* Project object */ = {
			isa = PBXProject;
			attributes = {
				BuildIndependentTargetsInParallel = 1;
				LastSwiftUpdateCheck = 1420;
				LastUpgradeCheck = 1420;
				TargetAttributes = {
					AFA255A629943302007349F1 = {
						CreatedOnToolsVersion = 14.2;
					};
					AFA255B629943304007349F1 = {
						CreatedOnToolsVersion = 14.2;
						TestTargetID = AFA255A629943302007349F1;
					};
					AFA255C029943304007349F1 = {
						CreatedOnToolsVersion = 14.2;
						TestTargetID = AFA255A629943302007349F1;
					};
				};
			};
			buildConfigurationList = AFA255A229943302007349F1 /* Build configuration list for PBXProject "To Do App" */;
			compatibilityVersion = "Xcode 14.0";
			developmentRegion = en;
			hasScannedForEncodings = 0;
			knownRegions = (
				en,
				Base,
			);
			mainGroup = AFA2559E29943302007349F1;
			packageReferences = (
				AFA255D429943571007349F1 /* XCRemoteSwiftPackageReference "nimbus-layout-swiftui" */,
			);
			productRefGroup = AFA255A829943302007349F1 /* Products */;
			projectDirPath = "";
			projectRoot = "";
			targets = (
				AFA255A629943302007349F1 /* To Do App */,
				AFA255B629943304007349F1 /* To Do AppTests */,
				AFA255C029943304007349F1 /* To Do AppUITests */,
			);
		};
/* End PBXProject section */

/* Begin PBXResourcesBuildPhase section */
		AFA255A529943302007349F1 /* Resources */ = {
			isa = PBXResourcesBuildPhase;
			buildActionMask = 2147483647;
			files = (
				AFA255B229943304007349F1 /* Preview Assets.xcassets in Resources */,
				AFA255AF29943304007349F1 /* Assets.xcassets in Resources */,
			);
			runOnlyForDeploymentPostprocessing = 0;
		};
		AFA255B529943304007349F1 /* Resources */ = {
			isa = PBXResourcesBuildPhase;
			buildActionMask = 2147483647;
			files = (
			);
			runOnlyForDeploymentPostprocessing = 0;
		};
		AFA255BF29943304007349F1 /* Resources */ = {
			isa = PBXResourcesBuildPhase;
			buildActionMask = 2147483647;
			files = (
			);
			runOnlyForDeploymentPostprocessing = 0;
		};
/* End PBXResourcesBuildPhase section */

/* Begin PBXSourcesBuildPhase section */
		AFA255A329943302007349F1 /* Sources */ = {
			isa = PBXSourcesBuildPhase;
			buildActionMask = 2147483647;
			files = (
				AFA255AD29943302007349F1 /* ContentView.swift in Sources */,
				AF22CB1F2996E2E6002AE566 /* FormatDate.swift in Sources */,
				AF22CB1A2996AE62002AE566 /* SelectionGroup.swift in Sources */,
				AF22CB1C2996AE99002AE566 /* CircularButton.swift in Sources */,
				AFA255AB29943302007349F1 /* To_Do_AppApp.swift in Sources */,
				AF22CB182996AE52002AE566 /* Icon.swift in Sources */,
				AF22CB1329958A04002AE566 /* TextInput.swift in Sources */,
			);
			runOnlyForDeploymentPostprocessing = 0;
		};
		AFA255B329943304007349F1 /* Sources */ = {
			isa = PBXSourcesBuildPhase;
			buildActionMask = 2147483647;
			files = (
				AFA255BC29943304007349F1 /* To_Do_AppTests.swift in Sources */,
			);
			runOnlyForDeploymentPostprocessing = 0;
		};
		AFA255BD29943304007349F1 /* Sources */ = {
			isa = PBXSourcesBuildPhase;
			buildActionMask = 2147483647;
			files = (
				AFA255C829943304007349F1 /* To_Do_AppUITestsLaunchTests.swift in Sources */,
				AFA255C629943304007349F1 /* To_Do_AppUITests.swift in Sources */,
			);
			runOnlyForDeploymentPostprocessing = 0;
		};
/* End PBXSourcesBuildPhase section */

/* Begin PBXTargetDependency section */
		AFA255B929943304007349F1 /* PBXTargetDependency */ = {
			isa = PBXTargetDependency;
			target = AFA255A629943302007349F1 /* To Do App */;
			targetProxy = AFA255B829943304007349F1 /* PBXContainerItemProxy */;
		};
		AFA255C329943304007349F1 /* PBXTargetDependency */ = {
			isa = PBXTargetDependency;
			target = AFA255A629943302007349F1 /* To Do App */;
			targetProxy = AFA255C229943304007349F1 /* PBXContainerItemProxy */;
		};
/* End PBXTargetDependency section */

/* Begin XCBuildConfiguration section */
		AFA255C929943304007349F1 /* Debug */ = {
			isa = XCBuildConfiguration;
			buildSettings = {
				ALWAYS_SEARCH_USER_PATHS = NO;
				CLANG_ANALYZER_NONNULL = YES;
				CLANG_ANALYZER_NUMBER_OBJECT_CONVERSION = YES_AGGRESSIVE;
				CLANG_CXX_LANGUAGE_STANDARD = "gnu++20";
				CLANG_ENABLE_MODULES = YES;
				CLANG_ENABLE_OBJC_ARC = YES;
				CLANG_ENABLE_OBJC_WEAK = YES;
				CLANG_WARN_BLOCK_CAPTURE_AUTORELEASING = YES;
				CLANG_WARN_BOOL_CONVERSION = YES;
				CLANG_WARN_COMMA = YES;
				CLANG_WARN_CONSTANT_CONVERSION = YES;
				CLANG_WARN_DEPRECATED_OBJC_IMPLEMENTATIONS = YES;
				CLANG_WARN_DIRECT_OBJC_ISA_USAGE = YES_ERROR;
				CLANG_WARN_DOCUMENTATION_COMMENTS = YES;
				CLANG_WARN_EMPTY_BODY = YES;
				CLANG_WARN_ENUM_CONVERSION = YES;
				CLANG_WARN_INFINITE_RECURSION = YES;
				CLANG_WARN_INT_CONVERSION = YES;
				CLANG_WARN_NON_LITERAL_NULL_CONVERSION = YES;
				CLANG_WARN_OBJC_IMPLICIT_RETAIN_SELF = YES;
				CLANG_WARN_OBJC_LITERAL_CONVERSION = YES;
				CLANG_WARN_OBJC_ROOT_CLASS = YES_ERROR;
				CLANG_WARN_QUOTED_INCLUDE_IN_FRAMEWORK_HEADER = YES;
				CLANG_WARN_RANGE_LOOP_ANALYSIS = YES;
				CLANG_WARN_STRICT_PROTOTYPES = YES;
				CLANG_WARN_SUSPICIOUS_MOVE = YES;
				CLANG_WARN_UNGUARDED_AVAILABILITY = YES_AGGRESSIVE;
				CLANG_WARN_UNREACHABLE_CODE = YES;
				CLANG_WARN__DUPLICATE_METHOD_MATCH = YES;
				COPY_PHASE_STRIP = NO;
				DEBUG_INFORMATION_FORMAT = dwarf;
				ENABLE_STRICT_OBJC_MSGSEND = YES;
				ENABLE_TESTABILITY = YES;
				GCC_C_LANGUAGE_STANDARD = gnu11;
				GCC_DYNAMIC_NO_PIC = NO;
				GCC_NO_COMMON_BLOCKS = YES;
				GCC_OPTIMIZATION_LEVEL = 0;
				GCC_PREPROCESSOR_DEFINITIONS = (
					"DEBUG=1",
					"$(inherited)",
				);
				GCC_WARN_64_TO_32_BIT_CONVERSION = YES;
				GCC_WARN_ABOUT_RETURN_TYPE = YES_ERROR;
				GCC_WARN_UNDECLARED_SELECTOR = YES;
				GCC_WARN_UNINITIALIZED_AUTOS = YES_AGGRESSIVE;
				GCC_WARN_UNUSED_FUNCTION = YES;
				GCC_WARN_UNUSED_VARIABLE = YES;
				IPHONEOS_DEPLOYMENT_TARGET = 16.2;
				MTL_ENABLE_DEBUG_INFO = INCLUDE_SOURCE;
				MTL_FAST_MATH = YES;
				ONLY_ACTIVE_ARCH = YES;
				SDKROOT = iphoneos;
				SWIFT_ACTIVE_COMPILATION_CONDITIONS = DEBUG;
				SWIFT_OPTIMIZATION_LEVEL = "-Onone";
			};
			name = Debug;
		};
		AFA255CA29943304007349F1 /* Release */ = {
			isa = XCBuildConfiguration;
			buildSettings = {
				ALWAYS_SEARCH_USER_PATHS = NO;
				CLANG_ANALYZER_NONNULL = YES;
				CLANG_ANALYZER_NUMBER_OBJECT_CONVERSION = YES_AGGRESSIVE;
				CLANG_CXX_LANGUAGE_STANDARD = "gnu++20";
				CLANG_ENABLE_MODULES = YES;
				CLANG_ENABLE_OBJC_ARC = YES;
				CLANG_ENABLE_OBJC_WEAK = YES;
				CLANG_WARN_BLOCK_CAPTURE_AUTORELEASING = YES;
				CLANG_WARN_BOOL_CONVERSION = YES;
				CLANG_WARN_COMMA = YES;
				CLANG_WARN_CONSTANT_CONVERSION = YES;
				CLANG_WARN_DEPRECATED_OBJC_IMPLEMENTATIONS = YES;
				CLANG_WARN_DIRECT_OBJC_ISA_USAGE = YES_ERROR;
				CLANG_WARN_DOCUMENTATION_COMMENTS = YES;
				CLANG_WARN_EMPTY_BODY = YES;
				CLANG_WARN_ENUM_CONVERSION = YES;
				CLANG_WARN_INFINITE_RECURSION = YES;
				CLANG_WARN_INT_CONVERSION = YES;
				CLANG_WARN_NON_LITERAL_NULL_CONVERSION = YES;
				CLANG_WARN_OBJC_IMPLICIT_RETAIN_SELF = YES;
				CLANG_WARN_OBJC_LITERAL_CONVERSION = YES;
				CLANG_WARN_OBJC_ROOT_CLASS = YES_ERROR;
				CLANG_WARN_QUOTED_INCLUDE_IN_FRAMEWORK_HEADER = YES;
				CLANG_WARN_RANGE_LOOP_ANALYSIS = YES;
				CLANG_WARN_STRICT_PROTOTYPES = YES;
				CLANG_WARN_SUSPICIOUS_MOVE = YES;
				CLANG_WARN_UNGUARDED_AVAILABILITY = YES_AGGRESSIVE;
				CLANG_WARN_UNREACHABLE_CODE = YES;
				CLANG_WARN__DUPLICATE_METHOD_MATCH = YES;
				COPY_PHASE_STRIP = NO;
				DEBUG_INFORMATION_FORMAT = "dwarf-with-dsym";
				ENABLE_NS_ASSERTIONS = NO;
				ENABLE_STRICT_OBJC_MSGSEND = YES;
				GCC_C_LANGUAGE_STANDARD = gnu11;
				GCC_NO_COMMON_BLOCKS = YES;
				GCC_WARN_64_TO_32_BIT_CONVERSION = YES;
				GCC_WARN_ABOUT_RETURN_TYPE = YES_ERROR;
				GCC_WARN_UNDECLARED_SELECTOR = YES;
				GCC_WARN_UNINITIALIZED_AUTOS = YES_AGGRESSIVE;
				GCC_WARN_UNUSED_FUNCTION = YES;
				GCC_WARN_UNUSED_VARIABLE = YES;
				IPHONEOS_DEPLOYMENT_TARGET = 16.2;
				MTL_ENABLE_DEBUG_INFO = NO;
				MTL_FAST_MATH = YES;
				SDKROOT = iphoneos;
				SWIFT_COMPILATION_MODE = wholemodule;
				SWIFT_OPTIMIZATION_LEVEL = "-O";
				VALIDATE_PRODUCT = YES;
			};
			name = Release;
		};
		AFA255CC29943304007349F1 /* Debug */ = {
			isa = XCBuildConfiguration;
			buildSettings = {
				ASSETCATALOG_COMPILER_APPICON_NAME = AppIcon;
				ASSETCATALOG_COMPILER_GLOBAL_ACCENT_COLOR_NAME = AccentColor;
				CODE_SIGN_STYLE = Automatic;
				CURRENT_PROJECT_VERSION = 1;
				DEVELOPMENT_ASSET_PATHS = "\"To Do App/Preview Content\"";
				ENABLE_PREVIEWS = YES;
				GENERATE_INFOPLIST_FILE = YES;
				INFOPLIST_KEY_UIApplicationSceneManifest_Generation = YES;
				INFOPLIST_KEY_UIApplicationSupportsIndirectInputEvents = YES;
				INFOPLIST_KEY_UILaunchScreen_Generation = YES;
				INFOPLIST_KEY_UISupportedInterfaceOrientations_iPad = "UIInterfaceOrientationPortrait UIInterfaceOrientationPortraitUpsideDown UIInterfaceOrientationLandscapeLeft UIInterfaceOrientationLandscapeRight";
				INFOPLIST_KEY_UISupportedInterfaceOrientations_iPhone = "UIInterfaceOrientationPortrait UIInterfaceOrientationLandscapeLeft UIInterfaceOrientationLandscapeRight";
				LD_RUNPATH_SEARCH_PATHS = (
					"$(inherited)",
					"@executable_path/Frameworks",
				);
				MARKETING_VERSION = 1.0;
				PRODUCT_BUNDLE_IDENTIFIER = "todoapp.To-Do-App";
				PRODUCT_NAME = "$(TARGET_NAME)";
				SWIFT_EMIT_LOC_STRINGS = YES;
				SWIFT_VERSION = 5.0;
				TARGETED_DEVICE_FAMILY = "1,2";
			};
			name = Debug;
		};
		AFA255CD29943304007349F1 /* Release */ = {
			isa = XCBuildConfiguration;
			buildSettings = {
				ASSETCATALOG_COMPILER_APPICON_NAME = AppIcon;
				ASSETCATALOG_COMPILER_GLOBAL_ACCENT_COLOR_NAME = AccentColor;
				CODE_SIGN_STYLE = Automatic;
				CURRENT_PROJECT_VERSION = 1;
				DEVELOPMENT_ASSET_PATHS = "\"To Do App/Preview Content\"";
				ENABLE_PREVIEWS = YES;
				GENERATE_INFOPLIST_FILE = YES;
				INFOPLIST_KEY_UIApplicationSceneManifest_Generation = YES;
				INFOPLIST_KEY_UIApplicationSupportsIndirectInputEvents = YES;
				INFOPLIST_KEY_UILaunchScreen_Generation = YES;
				INFOPLIST_KEY_UISupportedInterfaceOrientations_iPad = "UIInterfaceOrientationPortrait UIInterfaceOrientationPortraitUpsideDown UIInterfaceOrientationLandscapeLeft UIInterfaceOrientationLandscapeRight";
				INFOPLIST_KEY_UISupportedInterfaceOrientations_iPhone = "UIInterfaceOrientationPortrait UIInterfaceOrientationLandscapeLeft UIInterfaceOrientationLandscapeRight";
				LD_RUNPATH_SEARCH_PATHS = (
					"$(inherited)",
					"@executable_path/Frameworks",
				);
				MARKETING_VERSION = 1.0;
				PRODUCT_BUNDLE_IDENTIFIER = "todoapp.To-Do-App";
				PRODUCT_NAME = "$(TARGET_NAME)";
				SWIFT_EMIT_LOC_STRINGS = YES;
				SWIFT_VERSION = 5.0;
				TARGETED_DEVICE_FAMILY = "1,2";
			};
			name = Release;
		};
		AFA255CF29943304007349F1 /* Debug */ = {
			isa = XCBuildConfiguration;
			buildSettings = {
				ALWAYS_EMBED_SWIFT_STANDARD_LIBRARIES = YES;
				BUNDLE_LOADER = "$(TEST_HOST)";
				CODE_SIGN_STYLE = Automatic;
				CURRENT_PROJECT_VERSION = 1;
				GENERATE_INFOPLIST_FILE = YES;
				IPHONEOS_DEPLOYMENT_TARGET = 16.2;
				MARKETING_VERSION = 1.0;
				PRODUCT_BUNDLE_IDENTIFIER = "todoapp.To-Do-AppTests";
				PRODUCT_NAME = "$(TARGET_NAME)";
				SWIFT_EMIT_LOC_STRINGS = NO;
				SWIFT_VERSION = 5.0;
				TARGETED_DEVICE_FAMILY = "1,2";
				TEST_HOST = "$(BUILT_PRODUCTS_DIR)/To Do App.app/$(BUNDLE_EXECUTABLE_FOLDER_PATH)/To Do App";
			};
			name = Debug;
		};
		AFA255D029943304007349F1 /* Release */ = {
			isa = XCBuildConfiguration;
			buildSettings = {
				ALWAYS_EMBED_SWIFT_STANDARD_LIBRARIES = YES;
				BUNDLE_LOADER = "$(TEST_HOST)";
				CODE_SIGN_STYLE = Automatic;
				CURRENT_PROJECT_VERSION = 1;
				GENERATE_INFOPLIST_FILE = YES;
				IPHONEOS_DEPLOYMENT_TARGET = 16.2;
				MARKETING_VERSION = 1.0;
				PRODUCT_BUNDLE_IDENTIFIER = "todoapp.To-Do-AppTests";
				PRODUCT_NAME = "$(TARGET_NAME)";
				SWIFT_EMIT_LOC_STRINGS = NO;
				SWIFT_VERSION = 5.0;
				TARGETED_DEVICE_FAMILY = "1,2";
				TEST_HOST = "$(BUILT_PRODUCTS_DIR)/To Do App.app/$(BUNDLE_EXECUTABLE_FOLDER_PATH)/To Do App";
			};
			name = Release;
		};
		AFA255D229943304007349F1 /* Debug */ = {
			isa = XCBuildConfiguration;
			buildSettings = {
				ALWAYS_EMBED_SWIFT_STANDARD_LIBRARIES = YES;
				CODE_SIGN_STYLE = Automatic;
				CURRENT_PROJECT_VERSION = 1;
				GENERATE_INFOPLIST_FILE = YES;
				MARKETING_VERSION = 1.0;
				PRODUCT_BUNDLE_IDENTIFIER = "todoapp.To-Do-AppUITests";
				PRODUCT_NAME = "$(TARGET_NAME)";
				SWIFT_EMIT_LOC_STRINGS = NO;
				SWIFT_VERSION = 5.0;
				TARGETED_DEVICE_FAMILY = "1,2";
				TEST_TARGET_NAME = "To Do App";
			};
			name = Debug;
		};
		AFA255D329943304007349F1 /* Release */ = {
			isa = XCBuildConfiguration;
			buildSettings = {
				ALWAYS_EMBED_SWIFT_STANDARD_LIBRARIES = YES;
				CODE_SIGN_STYLE = Automatic;
				CURRENT_PROJECT_VERSION = 1;
				GENERATE_INFOPLIST_FILE = YES;
				MARKETING_VERSION = 1.0;
				PRODUCT_BUNDLE_IDENTIFIER = "todoapp.To-Do-AppUITests";
				PRODUCT_NAME = "$(TARGET_NAME)";
				SWIFT_EMIT_LOC_STRINGS = NO;
				SWIFT_VERSION = 5.0;
				TARGETED_DEVICE_FAMILY = "1,2";
				TEST_TARGET_NAME = "To Do App";
			};
			name = Release;
		};
/* End XCBuildConfiguration section */

/* Begin XCConfigurationList section */
		AFA255A229943302007349F1 /* Build configuration list for PBXProject "To Do App" */ = {
			isa = XCConfigurationList;
			buildConfigurations = (
				AFA255C929943304007349F1 /* Debug */,
				AFA255CA29943304007349F1 /* Release */,
			);
			defaultConfigurationIsVisible = 0;
			defaultConfigurationName = Release;
		};
		AFA255CB29943304007349F1 /* Build configuration list for PBXNativeTarget "To Do App" */ = {
			isa = XCConfigurationList;
			buildConfigurations = (
				AFA255CC29943304007349F1 /* Debug */,
				AFA255CD29943304007349F1 /* Release */,
			);
			defaultConfigurationIsVisible = 0;
			defaultConfigurationName = Release;
		};
		AFA255CE29943304007349F1 /* Build configuration list for PBXNativeTarget "To Do AppTests" */ = {
			isa = XCConfigurationList;
			buildConfigurations = (
				AFA255CF29943304007349F1 /* Debug */,
				AFA255D029943304007349F1 /* Release */,
			);
			defaultConfigurationIsVisible = 0;
			defaultConfigurationName = Release;
		};
		AFA255D129943304007349F1 /* Build configuration list for PBXNativeTarget "To Do AppUITests" */ = {
			isa = XCConfigurationList;
			buildConfigurations = (
				AFA255D229943304007349F1 /* Debug */,
				AFA255D329943304007349F1 /* Release */,
			);
			defaultConfigurationIsVisible = 0;
			defaultConfigurationName = Release;
		};
/* End XCConfigurationList section */

/* Begin XCRemoteSwiftPackageReference section */
		AFA255D429943571007349F1 /* XCRemoteSwiftPackageReference "nimbus-layout-swiftui" */ = {
			isa = XCRemoteSwiftPackageReference;
			repositoryURL = "https://github.com/ZupIT/nimbus-layout-swiftui.git";
			requirement = {
				kind = exactVersion;
				version = "1.0.0-beta.1";
			};
		};
/* End XCRemoteSwiftPackageReference section */

/* Begin XCSwiftPackageProductDependency section */
		AFA255D529943571007349F1 /* NimbusLayoutSwiftUI */ = {
			isa = XCSwiftPackageProductDependency;
			package = AFA255D429943571007349F1 /* XCRemoteSwiftPackageReference "nimbus-layout-swiftui" */;
			productName = NimbusLayoutSwiftUI;
		};
/* End XCSwiftPackageProductDependency section */
	};
	rootObject = AFA2559F29943302007349F1 /* Project object */;
}
